
Microsoft Visual Studio Solution File, Format Version 12.00
# Visual Studio Version 16
VisualStudioVersion = 16.0.34407.143
MinimumVisualStudioVersion = 10.0.40219.1
Project("{8BC9CEB8-8B4A-11D0-8D11-00A0C91BC942}") = "HW №5(2)", "HW №5(2)\HW №5(2).vcxproj", "{85D554A1-5ADE-4EE8-8720-91C1B5DACBDF}"
EndProject
Global
	GlobalSection(SolutionConfigurationPlatforms) = preSolution
		Debug|x64 = Debug|x64
		Debug|x86 = Debug|x86
		Release|x64 = Release|x64
		Release|x86 = Release|x86
	EndGlobalSection
	GlobalSection(ProjectConfigurationPlatforms) = postSolution
		{85D554A1-5ADE-4EE8-8720-91C1B5DACBDF}.Debug|x64.ActiveCfg = Debug|x64
		{85D554A1-5ADE-4EE8-8720-91C1B5DACBDF}.Debug|x64.Build.0 = Debug|x64
		{85D554A1-5ADE-4EE8-8720-91C1B5DACBDF}.Debug|x86.ActiveCfg = Debug|Win32
		{85D554A1-5ADE-4EE8-8720-91C1B5DACBDF}.Debug|x86.Build.0 = Debug|Win32
		{85D554A1-5ADE-4EE8-8720-91C1B5DACBDF}.Release|x64.ActiveCfg = Release|x64
		{85D554A1-5ADE-4EE8-8720-91C1B5DACBDF}.Release|x64.Build.0 = Release|x64
		{85D554A1-5ADE-4EE8-8720-91C1B5DACBDF}.Release|x86.ActiveCfg = Release|Win32
		{85D554A1-5ADE-4EE8-8720-91C1B5DACBDF}.Release|x86.Build.0 = Release|Win32
	EndGlobalSection
	GlobalSection(SolutionProperties) = preSolution
		HideSolutionNode = FALSE
	EndGlobalSection
	GlobalSection(ExtensibilityGlobals) = postSolution
		SolutionGuid = {80A51FA1-B719-49ED-B62B-977A27A49012}
	EndGlobalSection
EndGlobal
